
Microsoft Visual Studio Solution File, Format Version 12.00
# Visual Studio Version 17
VisualStudioVersion = 17.1.32421.90
MinimumVisualStudioVersion = 10.0.40219.1
Project("{FAE04EC0-301F-11D3-BF4B-00C04F79EFBC}") = "Day36ThreadEmpPay-2", "Day36ThreadEmpPay-2.csproj", "{D91A2C65-4E57-4191-B432-71AFF9760766}"
EndProject
Project("{FAE04EC0-301F-11D3-BF4B-00C04F79EFBC}") = "thread2_UnitTesting", "thread2_UnitTesting\thread2_UnitTesting.csproj", "{8A854B76-267C-4209-80A6-23C7703E3300}"
EndProject
Global
	GlobalSection(SolutionConfigurationPlatforms) = preSolution
		Debug|Any CPU = Debug|Any CPU
		Release|Any CPU = Release|Any CPU
	EndGlobalSection
	GlobalSection(ProjectConfigurationPlatforms) = postSolution
		{D91A2C65-4E57-4191-B432-71AFF9760766}.Debug|Any CPU.ActiveCfg = Debug|Any CPU
		{D91A2C65-4E57-4191-B432-71AFF9760766}.Debug|Any CPU.Build.0 = Debug|Any CPU
		{D91A2C65-4E57-4191-B432-71AFF9760766}.Release|Any CPU.ActiveCfg = Release|Any CPU
		{D91A2C65-4E57-4191-B432-71AFF9760766}.Release|Any CPU.Build.0 = Release|Any CPU
		{8A854B76-267C-4209-80A6-23C7703E3300}.Debug|Any CPU.ActiveCfg = Debug|Any CPU
		{8A854B76-267C-4209-80A6-23C7703E3300}.Debug|Any CPU.Build.0 = Debug|Any CPU
		{8A854B76-267C-4209-80A6-23C7703E3300}.Release|Any CPU.ActiveCfg = Release|Any CPU
		{8A854B76-267C-4209-80A6-23C7703E3300}.Release|Any CPU.Build.0 = Release|Any CPU
	EndGlobalSection
	GlobalSection(SolutionProperties) = preSolution
		HideSolutionNode = FALSE
	EndGlobalSection
	GlobalSection(ExtensibilityGlobals) = postSolution
		SolutionGuid = {BE7D3482-935D-4569-8AC0-7E687BD9DC85}
	EndGlobalSection
EndGlobal
