
Microsoft Visual Studio Solution File, Format Version 12.00
# Visual Studio Version 17
VisualStudioVersion = 17.1.32421.90
MinimumVisualStudioVersion = 10.0.40219.1
Project("{FAE04EC0-301F-11D3-BF4B-00C04F79EFBC}") = "Day36MultithreadEmpPay_1", "Day36MultithreadEmpPay_1.csproj", "{CA373B42-EC38-44D9-9BEE-1F672C355483}"
EndProject
Project("{FAE04EC0-301F-11D3-BF4B-00C04F79EFBC}") = "Thread1_UnitTest", "..\Thread1_UnitTest\Thread1_UnitTest.csproj", "{91515884-A09C-42D9-946C-094CA17D5035}"
EndProject
Global
	GlobalSection(SolutionConfigurationPlatforms) = preSolution
		Debug|Any CPU = Debug|Any CPU
		Release|Any CPU = Release|Any CPU
	EndGlobalSection
	GlobalSection(ProjectConfigurationPlatforms) = postSolution
		{CA373B42-EC38-44D9-9BEE-1F672C355483}.Debug|Any CPU.ActiveCfg = Debug|Any CPU
		{CA373B42-EC38-44D9-9BEE-1F672C355483}.Debug|Any CPU.Build.0 = Debug|Any CPU
		{CA373B42-EC38-44D9-9BEE-1F672C355483}.Release|Any CPU.ActiveCfg = Release|Any CPU
		{CA373B42-EC38-44D9-9BEE-1F672C355483}.Release|Any CPU.Build.0 = Release|Any CPU
		{91515884-A09C-42D9-946C-094CA17D5035}.Debug|Any CPU.ActiveCfg = Debug|Any CPU
		{91515884-A09C-42D9-946C-094CA17D5035}.Debug|Any CPU.Build.0 = Debug|Any CPU
		{91515884-A09C-42D9-946C-094CA17D5035}.Release|Any CPU.ActiveCfg = Release|Any CPU
		{91515884-A09C-42D9-946C-094CA17D5035}.Release|Any CPU.Build.0 = Release|Any CPU
	EndGlobalSection
	GlobalSection(SolutionProperties) = preSolution
		HideSolutionNode = FALSE
	EndGlobalSection
	GlobalSection(ExtensibilityGlobals) = postSolution
		SolutionGuid = {F5A4984A-3252-4184-ACEF-F153D4B0F771}
	EndGlobalSection
EndGlobal
